// !$*UTF8*$!
{
	archiveVersion = 1;
	classes = {
	};
	objectVersion = 50;
	objects = {

/* Begin PBXBuildFile section */
		8716FF302139942900A1559F /* ListTableViewController.swift in Sources */ = {isa = PBXBuildFile; fileRef = 8716FF2F2139942900A1559F /* ListTableViewController.swift */; };
		8716FF322139959300A1559F /* ListItemTableViewCell.swift in Sources */ = {isa = PBXBuildFile; fileRef = 8716FF312139959300A1559F /* ListItemTableViewCell.swift */; };
		8716FF35213995DF00A1559F /* ShoppingList.xcdatamodeld in Sources */ = {isa = PBXBuildFile; fileRef = 8716FF33213995DF00A1559F /* ShoppingList.xcdatamodeld */; };
		8716FF372139964F00A1559F /* CoreDataStack.swift in Sources */ = {isa = PBXBuildFile; fileRef = 8716FF362139964F00A1559F /* CoreDataStack.swift */; };
		8716FF3D2139989500A1559F /* Default-568h@2x.png in Resources */ = {isa = PBXBuildFile; fileRef = 8716FF3C2139989500A1559F /* Default-568h@2x.png */; };
		8716FF3F2139A34000A1559F /* Item+Convenience.swift in Sources */ = {isa = PBXBuildFile; fileRef = 8716FF3E2139A34000A1559F /* Item+Convenience.swift */; };
		87705F02213992400064042D /* AppDelegate.swift in Sources */ = {isa = PBXBuildFile; fileRef = 87705F01213992400064042D /* AppDelegate.swift */; };
		87705F07213992400064042D /* Main.storyboard in Resources */ = {isa = PBXBuildFile; fileRef = 87705F05213992400064042D /* Main.storyboard */; };
		87705F09213992410064042D /* Assets.xcassets in Resources */ = {isa = PBXBuildFile; fileRef = 87705F08213992410064042D /* Assets.xcassets */; };
		87705F0C213992410064042D /* LaunchScreen.storyboard in Resources */ = {isa = PBXBuildFile; fileRef = 87705F0A213992410064042D /* LaunchScreen.storyboard */; };
/* End PBXBuildFile section */

/* Begin PBXFileReference section */
		8716FF2F2139942900A1559F /* ListTableViewController.swift */ = {isa = PBXFileReference; lastKnownFileType = sourcecode.swift; path = ListTableViewController.swift; sourceTree = "<group>"; };
		8716FF312139959300A1559F /* ListItemTableViewCell.swift */ = {isa = PBXFileReference; lastKnownFileType = sourcecode.swift; path = ListItemTableViewCell.swift; sourceTree = "<group>"; };
		8716FF34213995DF00A1559F /* ShoppingList.xcdatamodel */ = {isa = PBXFileReference; lastKnownFileType = wrapper.xcdatamodel; path = ShoppingList.xcdatamodel; sourceTree = "<group>"; };
		8716FF362139964F00A1559F /* CoreDataStack.swift */ = {isa = PBXFileReference; lastKnownFileType = sourcecode.swift; path = CoreDataStack.swift; sourceTree = "<group>"; };
		8716FF3C2139989500A1559F /* Default-568h@2x.png */ = {isa = PBXFileReference; lastKnownFileType = image.png; path = "Default-568h@2x.png"; sourceTree = "<group>"; };
		8716FF3E2139A34000A1559F /* Item+Convenience.swift */ = {isa = PBXFileReference; lastKnownFileType = sourcecode.swift; path = "Item+Convenience.swift"; sourceTree = "<group>"; };
		87705EFE213992400064042D /* ShoppingList.app */ = {isa = PBXFileReference; explicitFileType = wrapper.application; includeInIndex = 0; path = ShoppingList.app; sourceTree = BUILT_PRODUCTS_DIR; };
		87705F01213992400064042D /* AppDelegate.swift */ = {isa = PBXFileReference; lastKnownFileType = sourcecode.swift; path = AppDelegate.swift; sourceTree = "<group>"; };
		87705F06213992400064042D /* Base */ = {isa = PBXFileReference; lastKnownFileType = file.storyboard; name = Base; path = Base.lproj/Main.storyboard; sourceTree = "<group>"; };
		87705F08213992410064042D /* Assets.xcassets */ = {isa = PBXFileReference; lastKnownFileType = folder.assetcatalog; path = Assets.xcassets; sourceTree = "<group>"; };
		87705F0B213992410064042D /* Base */ = {isa = PBXFileReference; lastKnownFileType = file.storyboard; name = Base; path = Base.lproj/LaunchScreen.storyboard; sourceTree = "<group>"; };
		87705F0D213992410064042D /* Info.plist */ = {isa = PBXFileReference; lastKnownFileType = text.plist.xml; path = Info.plist; sourceTree = "<group>"; };
/* End PBXFileReference section */

/* Begin PBXFrameworksBuildPhase section */
		87705EFB213992400064042D /* Frameworks */ = {
			isa = PBXFrameworksBuildPhase;
			buildActionMask = 2147483647;
			files = (
			);
			runOnlyForDeploymentPostprocessing = 0;
		};
/* End PBXFrameworksBuildPhase section */

/* Begin PBXGroup section */
		8716FF382139984300A1559F /* Model */ = {
			isa = PBXGroup;
			children = (
				8716FF3E2139A34000A1559F /* Item+Convenience.swift */,
				8716FF362139964F00A1559F /* CoreDataStack.swift */,
				8716FF33213995DF00A1559F /* ShoppingList.xcdatamodeld */,
			);
			path = Model;
			sourceTree = "<group>";
		};
		8716FF392139984A00A1559F /* Views */ = {
			isa = PBXGroup;
			children = (
				8716FF312139959300A1559F /* ListItemTableViewCell.swift */,
			);
			path = Views;
			sourceTree = "<group>";
		};
		8716FF3A2139986C00A1559F /* View Controllers */ = {
			isa = PBXGroup;
			children = (
				8716FF2F2139942900A1559F /* ListTableViewController.swift */,
			);
			path = "View Controllers";
			sourceTree = "<group>";
		};
		8716FF3B2139987F00A1559F /* Resources */ = {
			isa = PBXGroup;
			children = (
				87705F01213992400064042D /* AppDelegate.swift */,
				87705F05213992400064042D /* Main.storyboard */,
				87705F08213992410064042D /* Assets.xcassets */,
				87705F0A213992410064042D /* LaunchScreen.storyboard */,
				87705F0D213992410064042D /* Info.plist */,
			);
			path = Resources;
			sourceTree = "<group>";
		};
		87705EF5213992400064042D = {
			isa = PBXGroup;
			children = (
				8716FF3C2139989500A1559F /* Default-568h@2x.png */,
				87705F00213992400064042D /* ShoppingList */,
				87705EFF213992400064042D /* Products */,
			);
			sourceTree = "<group>";
		};
		87705EFF213992400064042D /* Products */ = {
			isa = PBXGroup;
			children = (
				87705EFE213992400064042D /* ShoppingList.app */,
			);
			name = Products;
			sourceTree = "<group>";
		};
		87705F00213992400064042D /* ShoppingList */ = {
			isa = PBXGroup;
			children = (
				8716FF3B2139987F00A1559F /* Resources */,
				8716FF382139984300A1559F /* Model */,
				8716FF392139984A00A1559F /* Views */,
				8716FF3A2139986C00A1559F /* View Controllers */,
			);
			path = ShoppingList;
			sourceTree = "<group>";
		};
/* End PBXGroup section */

/* Begin PBXNativeTarget section */
		87705EFD213992400064042D /* ShoppingList */ = {
			isa = PBXNativeTarget;
			buildConfigurationList = 87705F10213992410064042D /* Build configuration list for PBXNativeTarget "ShoppingList" */;
			buildPhases = (
				87705EFA213992400064042D /* Sources */,
				87705EFB213992400064042D /* Frameworks */,
				87705EFC213992400064042D /* Resources */,
			);
			buildRules = (
			);
			dependencies = (
			);
			name = ShoppingList;
			productName = ShoppingList;
			productReference = 87705EFE213992400064042D /* ShoppingList.app */;
			productType = "com.apple.product-type.application";
		};
/* End PBXNativeTarget section */

/* Begin PBXProject section */
		87705EF6213992400064042D /* Project object */ = {
			isa = PBXProject;
			attributes = {
				LastSwiftUpdateCheck = 0940;
				LastUpgradeCheck = 0940;
				ORGANIZATIONNAME = "John Tate";
				TargetAttributes = {
					87705EFD213992400064042D = {
						CreatedOnToolsVersion = 9.4.1;
					};
				};
			};
			buildConfigurationList = 87705EF9213992400064042D /* Build configuration list for PBXProject "ShoppingList" */;
			compatibilityVersion = "Xcode 9.3";
			developmentRegion = en;
			hasScannedForEncodings = 0;
			knownRegions = (
				en,
				Base,
			);
			mainGroup = 87705EF5213992400064042D;
			productRefGroup = 87705EFF213992400064042D /* Products */;
			projectDirPath = "";
			projectRoot = "";
			targets = (
				87705EFD213992400064042D /* ShoppingList */,
			);
		};
/* End PBXProject section */

/* Begin PBXResourcesBuildPhase section */
		87705EFC213992400064042D /* Resources */ = {
			isa = PBXResourcesBuildPhase;
			buildActionMask = 2147483647;
			files = (
				87705F0C213992410064042D /* LaunchScreen.storyboard in Resources */,
				8716FF3D2139989500A1559F /* Default-568h@2x.png in Resources */,
				87705F09213992410064042D /* Assets.xcassets in Resources */,
				87705F07213992400064042D /* Main.storyboard in Resources */,
			);
			runOnlyForDeploymentPostprocessing = 0;
		};
/* End PBXResourcesBuildPhase section */

/* Begin PBXSourcesBuildPhase section */
		87705EFA213992400064042D /* Sources */ = {
			isa = PBXSourcesBuildPhase;
			buildActionMask = 2147483647;
			files = (
				8716FF3F2139A34000A1559F /* Item+Convenience.swift in Sources */,
				8716FF372139964F00A1559F /* CoreDataStack.swift in Sources */,
				87705F02213992400064042D /* AppDelegate.swift in Sources */,
				8716FF35213995DF00A1559F /* ShoppingList.xcdatamodeld in Sources */,
				8716FF302139942900A1559F /* ListTableViewController.swift in Sources */,
				8716FF322139959300A1559F /* ListItemTableViewCell.swift in Sources */,
			);
			runOnlyForDeploymentPostprocessing = 0;
		};
/* End PBXSourcesBuildPhase section */

/* Begin PBXVariantGroup section */
		87705F05213992400064042D /* Main.storyboard */ = {
			isa = PBXVariantGroup;
			children = (
				87705F06213992400064042D /* Base */,
			);
			name = Main.storyboard;
			sourceTree = "<group>";
		};
		87705F0A213992410064042D /* LaunchScreen.storyboard */ = {
			isa = PBXVariantGroup;
			children = (
				87705F0B213992410064042D /* Base */,
			);
			name = LaunchScreen.storyboard;
			sourceTree = "<group>";
		};
/* End PBXVariantGroup section */

/* Begin XCBuildConfiguration section */
		87705F0E213992410064042D /* Debug */ = {
			isa = XCBuildConfiguration;
			buildSettings = {
				ALWAYS_SEARCH_USER_PATHS = NO;
				CLANG_ANALYZER_NONNULL = YES;
				CLANG_ANALYZER_NUMBER_OBJECT_CONVERSION = YES_AGGRESSIVE;
				CLANG_CXX_LANGUAGE_STANDARD = "gnu++14";
				CLANG_CXX_LIBRARY = "libc++";
				CLANG_ENABLE_MODULES = YES;
				CLANG_ENABLE_OBJC_ARC = YES;
				CLANG_ENABLE_OBJC_WEAK = YES;
				CLANG_WARN_BLOCK_CAPTURE_AUTORELEASING = YES;
				CLANG_WARN_BOOL_CONVERSION = YES;
				CLANG_WARN_COMMA = YES;
				CLANG_WARN_CONSTANT_CONVERSION = YES;
				CLANG_WARN_DEPRECATED_OBJC_IMPLEMENTATIONS = YES;
				CLANG_WARN_DIRECT_OBJC_ISA_USAGE = YES_ERROR;
				CLANG_WARN_DOCUMENTATION_COMMENTS = YES;
				CLANG_WARN_EMPTY_BODY = YES;
				CLANG_WARN_ENUM_CONVERSION = YES;
				CLANG_WARN_INFINITE_RECURSION = YES;
				CLANG_WARN_INT_CONVERSION = YES;
				CLANG_WARN_NON_LITERAL_NULL_CONVERSION = YES;
				CLANG_WARN_OBJC_IMPLICIT_RETAIN_SELF = YES;
				CLANG_WARN_OBJC_LITERAL_CONVERSION = YES;
				CLANG_WARN_OBJC_ROOT_CLASS = YES_ERROR;
				CLANG_WARN_RANGE_LOOP_ANALYSIS = YES;
				CLANG_WARN_STRICT_PROTOTYPES = YES;
				CLANG_WARN_SUSPICIOUS_MOVE = YES;
				CLANG_WARN_UNGUARDED_AVAILABILITY = YES_AGGRESSIVE;
				CLANG_WARN_UNREACHABLE_CODE = YES;
				CLANG_WARN__DUPLICATE_METHOD_MATCH = YES;
				CODE_SIGN_IDENTITY = "iPhone Developer";
				COPY_PHASE_STRIP = NO;
				DEBUG_INFORMATION_FORMAT = dwarf;
				ENABLE_STRICT_OBJC_MSGSEND = YES;
				ENABLE_TESTABILITY = YES;
				GCC_C_LANGUAGE_STANDARD = gnu11;
				GCC_DYNAMIC_NO_PIC = NO;
				GCC_NO_COMMON_BLOCKS = YES;
				GCC_OPTIMIZATION_LEVEL = 0;
				GCC_PREPROCESSOR_DEFINITIONS = (
					"DEBUG=1",
					"$(inherited)",
				);
				GCC_WARN_64_TO_32_BIT_CONVERSION = YES;
				GCC_WARN_ABOUT_RETURN_TYPE = YES_ERROR;
				GCC_WARN_UNDECLARED_SELECTOR = YES;
				GCC_WARN_UNINITIALIZED_AUTOS = YES_AGGRESSIVE;
				GCC_WARN_UNUSED_FUNCTION = YES;
				GCC_WARN_UNUSED_VARIABLE = YES;
				IPHONEOS_DEPLOYMENT_TARGET = 11.4;
				MTL_ENABLE_DEBUG_INFO = YES;
				ONLY_ACTIVE_ARCH = YES;
				SDKROOT = iphoneos;
				SWIFT_ACTIVE_COMPILATION_CONDITIONS = DEBUG;
				SWIFT_OPTIMIZATION_LEVEL = "-Onone";
			};
			name = Debug;
		};
		87705F0F213992410064042D /* Release */ = {
			isa = XCBuildConfiguration;
			buildSettings = {
				ALWAYS_SEARCH_USER_PATHS = NO;
				CLANG_ANALYZER_NONNULL = YES;
				CLANG_ANALYZER_NUMBER_OBJECT_CONVERSION = YES_AGGRESSIVE;
				CLANG_CXX_LANGUAGE_STANDARD = "gnu++14";
				CLANG_CXX_LIBRARY = "libc++";
				CLANG_ENABLE_MODULES = YES;
				CLANG_ENABLE_OBJC_ARC = YES;
				CLANG_ENABLE_OBJC_WEAK = YES;
				CLANG_WARN_BLOCK_CAPTURE_AUTORELEASING = YES;
				CLANG_WARN_BOOL_CONVERSION = YES;
				CLANG_WARN_COMMA = YES;
				CLANG_WARN_CONSTANT_CONVERSION = YES;
				CLANG_WARN_DEPRECATED_OBJC_IMPLEMENTATIONS = YES;
				CLANG_WARN_DIRECT_OBJC_ISA_USAGE = YES_ERROR;
				CLANG_WARN_DOCUMENTATION_COMMENTS = YES;
				CLANG_WARN_EMPTY_BODY = YES;
				CLANG_WARN_ENUM_CONVERSION = YES;
				CLANG_WARN_INFINITE_RECURSION = YES;
				CLANG_WARN_INT_CONVERSION = YES;
				CLANG_WARN_NON_LITERAL_NULL_CONVERSION = YES;
				CLANG_WARN_OBJC_IMPLICIT_RETAIN_SELF = YES;
				CLANG_WARN_OBJC_LITERAL_CONVERSION = YES;
				CLANG_WARN_OBJC_ROOT_CLASS = YES_ERROR;
				CLANG_WARN_RANGE_LOOP_ANALYSIS = YES;
				CLANG_WARN_STRICT_PROTOTYPES = YES;
				CLANG_WARN_SUSPICIOUS_MOVE = YES;
				CLANG_WARN_UNGUARDED_AVAILABILITY = YES_AGGRESSIVE;
				CLANG_WARN_UNREACHABLE_CODE = YES;
				CLANG_WARN__DUPLICATE_METHOD_MATCH = YES;
				CODE_SIGN_IDENTITY = "iPhone Developer";
				COPY_PHASE_STRIP = NO;
				DEBUG_INFORMATION_FORMAT = "dwarf-with-dsym";
				ENABLE_NS_ASSERTIONS = NO;
				ENABLE_STRICT_OBJC_MSGSEND = YES;
				GCC_C_LANGUAGE_STANDARD = gnu11;
				GCC_NO_COMMON_BLOCKS = YES;
				GCC_WARN_64_TO_32_BIT_CONVERSION = YES;
				GCC_WARN_ABOUT_RETURN_TYPE = YES_ERROR;
				GCC_WARN_UNDECLARED_SELECTOR = YES;
				GCC_WARN_UNINITIALIZED_AUTOS = YES_AGGRESSIVE;
				GCC_WARN_UNUSED_FUNCTION = YES;
				GCC_WARN_UNUSED_VARIABLE = YES;
				IPHONEOS_DEPLOYMENT_TARGET = 11.4;
				MTL_ENABLE_DEBUG_INFO = NO;
				SDKROOT = iphoneos;
				SWIFT_COMPILATION_MODE = wholemodule;
				SWIFT_OPTIMIZATION_LEVEL = "-O";
				VALIDATE_PRODUCT = YES;
			};
			name = Release;
		};
		87705F11213992410064042D /* Debug */ = {
			isa = XCBuildConfiguration;
			buildSettings = {
				ASSETCATALOG_COMPILER_APPICON_NAME = AppIcon;
				CODE_SIGN_STYLE = Automatic;
				DEVELOPMENT_TEAM = 74SYWHWN72;
				INFOPLIST_FILE = "$(SRCROOT)/ShoppingList/Resources/Info.plist";
				LD_RUNPATH_SEARCH_PATHS = (
					"$(inherited)",
					"@executable_path/Frameworks",
				);
				PRODUCT_BUNDLE_IDENTIFIER = com.example.ShoppingList;
				PRODUCT_NAME = "$(TARGET_NAME)";
				SWIFT_VERSION = 4.0;
				TARGETED_DEVICE_FAMILY = "1,2";
			};
			name = Debug;
		};
		87705F12213992410064042D /* Release */ = {
			isa = XCBuildConfiguration;
			buildSettings = {
				ASSETCATALOG_COMPILER_APPICON_NAME = AppIcon;
				CODE_SIGN_STYLE = Automatic;
				DEVELOPMENT_TEAM = 74SYWHWN72;
				INFOPLIST_FILE = "$(SRCROOT)/ShoppingList/Resources/Info.plist";
				LD_RUNPATH_SEARCH_PATHS = (
					"$(inherited)",
					"@executable_path/Frameworks",
				);
				PRODUCT_BUNDLE_IDENTIFIER = com.example.ShoppingList;
				PRODUCT_NAME = "$(TARGET_NAME)";
				SWIFT_VERSION = 4.0;
				TARGETED_DEVICE_FAMILY = "1,2";
			};
			name = Release;
		};
/* End XCBuildConfiguration section */

/* Begin XCConfigurationList section */
		87705EF9213992400064042D /* Build configuration list for PBXProject "ShoppingList" */ = {
			isa = XCConfigurationList;
			buildConfigurations = (
				87705F0E213992410064042D /* Debug */,
				87705F0F213992410064042D /* Release */,
			);
			defaultConfigurationIsVisible = 0;
			defaultConfigurationName = Release;
		};
		87705F10213992410064042D /* Build configuration list for PBXNativeTarget "ShoppingList" */ = {
			isa = XCConfigurationList;
			buildConfigurations = (
				87705F11213992410064042D /* Debug */,
				87705F12213992410064042D /* Release */,
			);
			defaultConfigurationIsVisible = 0;
			defaultConfigurationName = Release;
		};
/* End XCConfigurationList section */

/* Begin XCVersionGroup section */
		8716FF33213995DF00A1559F /* ShoppingList.xcdatamodeld */ = {
			isa = XCVersionGroup;
			children = (
				8716FF34213995DF00A1559F /* ShoppingList.xcdatamodel */,
			);
			currentVersion = 8716FF34213995DF00A1559F /* ShoppingList.xcdatamodel */;
			path = ShoppingList.xcdatamodeld;
			sourceTree = "<group>";
			versionGroupType = wrapper.xcdatamodel;
		};
/* End XCVersionGroup section */
	};
	rootObject = 87705EF6213992400064042D /* Project object */;
}
